{
    "_meta": {
        "hash": {
            "sha256": "7277484299af6e13b6cf812949146efca5c308611de91d5a6a40ce36c3e8275f"
        },
        "pipfile-spec": 6,
        "requires": {
            "python_version": "3.6"
        },
        "sources": [
            {
                "name": "pypi",
                "url": "https://pypi.org/simple",
                "verify_ssl": true
            }
        ]
    },
    "default": {
        "packaging": {
            "hashes": [
                "sha256:4357f74f47b9c12db93624a82154e9b120fa8293699949152b22065d556079f8",
                "sha256:998416ba6962ae7fbd6596850b80e17859a5753ba17c32284f67bfff33784181"
            ],
            "version": "==20.4"
        },
        "pyparsing": {
            "hashes": [
                "sha256:c203ec8783bf771a155b207279b9bccb8dea02d8f0c9e5f8ead507bc3246ecc1",
                "sha256:ef9d7589ef3c200abe66653d3f1ab1033c3c419ae9b9bdb1240a85b024efc88b"
            ],
            "version": "==2.4.7"
        },
        "pyside2": {
            "hashes": [
                "sha256:1d600d41fff235c62765af39f0cea257ce8e1d7870abc66075a385c9d8c62c54",
                "sha256:5c80a19762ba534b402662be4b9fcf0c75cd0aac5f2eedad1867380d49c27ae8",
                "sha256:734ee2ea12c6e4b0bf4c4367868adf7eebecec8ae149d0d463417a9ab1f31199",
                "sha256:b36d876339a9ecc1d6faa1f40dd5e53da2deb5495ac5ec10ee81529280bef096",
                "sha256:c29263dfba6227fca9952b79978343b566c79925597c2a8498b1e8f5f87c3eb5",
                "sha256:cd1bf8f0793aac63f5ff8320629ada906aeb260300f1fea1ed693093cd934108"
            ],
            "index": "pypi",
            "version": "==5.11.0"
        },
        "sip": {
            "hashes": [
                "sha256:11bc5745965b2053dc19868f3494ce34bf8ce494fb694cde0c5ae195ae073f32",
                "sha256:14f5b29382802c15e5d6cc9590b3ce5f4fda4d9c00a9147adc70cc6552978be8",
                "sha256:174bb46213e3c8316a68b39ac036e070f54d09f559794f7e0f253b21e8040b3d",
                "sha256:3172c26aaa7ac8f6c2ddbae484776038d44af982202dfb6edaf3b1dc05355ba8",
                "sha256:351a847cf41c817253a0b694a40a7daa16131764942ae98ef93f57e5ef6ce52a",
                "sha256:3e2c724cb03487ac7dfd372200c02199b1d023512f0185b1849cf88e367f4f69",
                "sha256:3fc122a9ea9ca678995fbf0f1681934f1ee165f62e1881f2ab21bc36f6480775",
                "sha256:4282ab45948674f5ef74278a8e70d1302f65c95b519a0af19409002f5715d641",
                "sha256:4bce092c17e12dfb427caae4d49cdc8835d2e092d8c637ac54837011ef300981",
                "sha256:5c6595d3eeaca9d231723ef3b84473494c0663490c4416d43cecd466dbd2cf9c",
                "sha256:6aa87c2a16e0e647536e9e36bd9f4b2d7808cd41dc00159317af6a9c46c7a22d",
                "sha256:6b0bf4bab057a5ab42a7c79d5f88a96a088122d8034feb589032271490afedd7",
                "sha256:6c17f56078b68e3005ae6035bdd3bbcb03ba81eae118db9f0b6435ecde2c1a71",
                "sha256:6e74dc06a26156c04e55b1223d3d0cbe20ee0bf0cf24122f45cf11a78c33ff90",
                "sha256:72f315cb5f9aea5e3850dbb25ce6c1c2d9b870a261a1f250df2b99b09a012b83",
                "sha256:7e33a0ea327194280ad652afefc74487844bb7998c9bea835d20f8e0ce6f1d31",
                "sha256:b6ba31bb0399d856b31bb6a676b0db1f97bf0b4400dec3d34fb30b3a4c43a47d",
                "sha256:c4f83bb39e4df66ca1d3cd1584f92826862f8a0caa3650e0626167781cb6d417",
                "sha256:d6bf1e864cab0756ffc7ef6faf598347ac4ada2d1fbddccaa6679f381bc2c300",
                "sha256:db809c1da387ab861bf9a142bf1e539e97d4bb2c80ae023cedfc488157b130e5",
                "sha256:fa687cc61481085a0394efc729a7f334fd3471ca173482581da1b15fef6d359d"
            ],
            "index": "pypi",
            "version": "==5.4.0"
        },
        "six": {
            "hashes": [
                "sha256:30639c035cdb23534cd4aa2dd52c3bf48f06e5f4a941509c8bafd8ce11080259",
                "sha256:8b74bedcbbbaca38ff6d7491d76f2b06b3592611af620f8426e82dddb04a5ced"
            ],
            "version": "==1.15.0"
        },
        "toml": {
            "hashes": [
                "sha256:926b612be1e5ce0634a2ca03470f95169cf16f939018233a670519cb4ac58b0f",
                "sha256:bda89d5935c2eac546d648028b9901107a595863cb36bae0c73ac804a9b4ce88"
            ],
            "version": "==0.10.1"
        }
    },
    "develop": {}
}
