{
    "_meta": {
        "hash": {
            "sha256": "78f37f786bd2ee755c158db6faaa9dbaca9922aacbf7d55cf036bfc33bb68579"
        },
        "pipfile-spec": 6,
        "requires": {
            "python_version": "3.6"
        },
        "sources": [
            {
                "name": "pypi",
                "url": "https://pypi.org/simple",
                "verify_ssl": true
            }
        ]
    },
    "default": {
        "pyside2": {
            "hashes": [
                "sha256:02986ba0215691980d7b126049c9aa392ffa5174079113bc5e62684bde625cb6",
                "sha256:433d8f0251ce3d7200ad5279b378165ad6babb1f10588ce7aae9df86c1e100d1",
                "sha256:5c52c9e1916248c16c12ae925f167e6ca2580c514c0d46fca0933df6a371d204",
                "sha256:8707fac6088dbf3c7262871a8fb5bf9276500f53ef67438b16c096cd510ce2e5",
                "sha256:8d185ba5d84a885eb9aacf25cee4efe1f8e4abff63afb6bc10e7176e475db59e",
                "sha256:e7aa2b4aa5f47c0f26c8907a4f308bca54ad8239bcabca904906b8f4a54e596e"
            ],
            "index": "pypi",
            "version": "==5.13.1"
        },
        "shiboken2": {
            "hashes": [
                "sha256:14ca49878c8d545d1b74b0526af81e4ed5064133c682b57cabfa0ac16e7a2ccb",
                "sha256:2aa481ce1097d10f74f7d0570d7f38fa5158e49b2146ae3aae5c8c56623681b1",
                "sha256:cfec94e16b289f7abca6bf7dfc88b877098653855914c9f54d6477f47c68a93b",
                "sha256:dfbb1f2ea86b4ddff9e91589bc93c9b6e2702ab09285cdc151daa8096442a665",
                "sha256:f18ccc6f1870ab3fb7087412a745dfc4275c8afb1b645b88d982a5708032f3e3",
                "sha256:f341940069fe764f2a9c3a06a9844c4c353c94227d3dbc304640f34b42c02d7a"
            ],
            "version": "==5.13.1"
        },
        "sip": {
            "hashes": [
                "sha256:09f9a4e6c28afd0bafedb26ffba43375b97fe7207bd1a0d3513f79b7d168b331",
                "sha256:105edaaa1c8aa486662226360bd3999b4b89dd56de3e314d82b83ed0587d8783",
                "sha256:1bb10aac55bd5ab0e2ee74b3047aa2016cfa7932077c73f602a6f6541af8cd51",
                "sha256:265ddf69235dd70571b7d4da20849303b436192e875ce7226be7144ca702a45c",
                "sha256:52074f7cb5488e8b75b52f34ec2230bc75d22986c7fe5cd3f2d266c23f3349a7",
                "sha256:5ff887a33839de8fc77d7f69aed0259b67a384dc91a1dc7588e328b0b980bde2",
                "sha256:74da4ddd20c5b35c19cda753ce1e8e1f71616931391caeac2de7a1715945c679",
                "sha256:7d69e9cf4f8253a3c0dfc5ba6bb9ac8087b8239851f22998e98cb35cfe497b68",
                "sha256:97bb93ee0ef01ba90f57be2b606e08002660affd5bc380776dd8b0fcaa9e093a",
                "sha256:cf98150a99e43fda7ae22abe655b6f202e491d6291486548daa56cb15a2fcf85",
                "sha256:d9023422127b94d11c1a84bfa94933e959c484f2c79553c1ef23c69fe00d25f8",
                "sha256:e72955e12f4fccf27aa421be383453d697b8a44bde2cc26b08d876fd492d0174"
            ],
            "index": "pypi",
            "version": "==4.19.8"
        }
    },
    "develop": {}
}
