{
    "_meta": {
        "hash": {
            "sha256": "7277484299af6e13b6cf812949146efca5c308611de91d5a6a40ce36c3e8275f"
        },
        "pipfile-spec": 6,
        "requires": {
            "python_version": "3.6"
        },
        "sources": [
            {
                "name": "pypi",
                "url": "https://pypi.org/simple",
                "verify_ssl": true
            }
        ]
    },
    "default": {
        "packaging": {
            "hashes": [
                "sha256:24e0da08660a87484d1602c30bb4902d74816b6985b93de36926f5bc95741858",
                "sha256:78598185a7008a470d64526a8059de9aaa449238f280fc9eb6b13ba6c4109093"
            ],
            "version": "==20.8"
        },
        "pyparsing": {
            "hashes": [
                "sha256:c203ec8783bf771a155b207279b9bccb8dea02d8f0c9e5f8ead507bc3246ecc1",
                "sha256:ef9d7589ef3c200abe66653d3f1ab1033c3c419ae9b9bdb1240a85b024efc88b"
            ],
            "version": "==2.4.7"
        },
        "pyside2": {
            "hashes": [
                "sha256:1d600d41fff235c62765af39f0cea257ce8e1d7870abc66075a385c9d8c62c54",
                "sha256:5c80a19762ba534b402662be4b9fcf0c75cd0aac5f2eedad1867380d49c27ae8",
                "sha256:734ee2ea12c6e4b0bf4c4367868adf7eebecec8ae149d0d463417a9ab1f31199",
                "sha256:b36d876339a9ecc1d6faa1f40dd5e53da2deb5495ac5ec10ee81529280bef096",
                "sha256:c29263dfba6227fca9952b79978343b566c79925597c2a8498b1e8f5f87c3eb5",
                "sha256:cd1bf8f0793aac63f5ff8320629ada906aeb260300f1fea1ed693093cd934108"
            ],
            "index": "pypi",
            "version": "==5.11.0"
        },
        "sip": {
            "hashes": [
                "sha256:03ec0f00484a955d5305888fa82be1ff9531f9033a03d56cffacda11691cadde",
                "sha256:26a5088723361d2ad7872146770a7c6f57983505f7c9a140730f259cf327ed35",
                "sha256:51558cc704641e9be917438c8a4cd8afb11e194ae085fce15ae7bf0cfbed42ae",
                "sha256:6185160e1aa8e167b5919c4761cbbf68cc7478d34fb655b3a28b3eb9acb5943a",
                "sha256:6e27109f13ee6a1714ef3ceeb12a1cfadf1c6bc8853442d1540640080bfcbf1a",
                "sha256:75fc2cf359ede36bdc17229eb8ab411099c5b3a2c89645897e3742ba57828683",
                "sha256:8b29ae9cd8553c083340950b8383b93069ecc59e32367e41824b38e8519266de",
                "sha256:aa2f13892d72527f4d4e5e7c7dbcf470536481dfc4b77513187f9200386342ab",
                "sha256:caa18527233df78496ccdd56d38722bc740a3e1bbba5ea7a18c36523707e8464",
                "sha256:d4345d9df9db10d7dde7b32cdd8816d8821f9779f0ec49b76fb2128222104359",
                "sha256:d5b60ffdf6352d0747c699296a02fa1f1c771483850ecf40888f43cc0c66ec59",
                "sha256:de8be1af22cbaa669502407c966e54276d1d480e8f33ea5b1cc0840e4c1bedf5",
                "sha256:f4eded221f3ef3e026b5bb6bf06e2946146815e970e79685bcf6034850934002"
            ],
            "index": "pypi",
            "version": "==6.0.0"
        },
        "toml": {
            "hashes": [
                "sha256:806143ae5bfb6a3c6e736a764057db0e6a0e05e338b5630894a5f779cabb4f9b",
                "sha256:b3bda1d108d5dd99f4a20d24d9c348e91c4db7ab1b749200bded2f839ccbe68f"
            ],
            "version": "==0.10.2"
        }
    },
    "develop": {}
}
